{
    "_readme": [
        "This file locks the dependencies of your project to a known state",
        "Read more about it at http://getcomposer.org/doc/01-basic-usage.md#composer-lock-the-lock-file",
        "This file is @generated automatically"
    ],
    "hash": "b46258950e59e4add0b9438ea52320e6",
    "packages": [
        {
            "name": "abraham/twitteroauth",
            "version": "dev-master",
            "source": {
                "type": "git",
                "url": "https://github.com/abraham/twitteroauth.git",
                "reference": "875918bad4f1e9651635ee3107f5edcce34b4acd"
            },
            "dist": {
                "type": "zip",
                "url": "https://api.github.com/repos/abraham/twitteroauth/zipball/875918bad4f1e9651635ee3107f5edcce34b4acd",
                "reference": "875918bad4f1e9651635ee3107f5edcce34b4acd",
                "shasum": ""
            },
            "require": {
                "ext-curl": "*",
                "php": ">=5.4.0"
            },
            "require-dev": {
                "phpmd/phpmd": "2.*",
                "phpunit/phpunit": "4.*",
                "squizlabs/php_codesniffer": "2.*"
            },
            "type": "library",
            "autoload": {
                "psr-4": {
                    "Abraham\\TwitterOAuth\\": "src"
                }
            },
            "notification-url": "https://packagist.org/downloads/",
            "license": [
                "MIT"
            ],
            "authors": [
                {
                    "name": "Abraham Williams",
                    "email": "abraham@abrah.am",
                    "homepage": "https://abrah.am",
                    "role": "Developer"
                }
            ],
            "description": "The most popular PHP library for use with the Twitter OAuth REST API.",
            "homepage": "https://twitteroauth.com",
            "keywords": [
                "api",
                "oauth",
                "rest",
                "social",
                "twitter"
            ],
            "time": "2015-01-22 21:47:15"
        },
        {
            "name": "davefx/phplot",
            "version": "dev-master",
            "source": {
                "type": "git",
                "url": "https://github.com/davefx/PHPlot.git",
                "reference": "ca0186fbfef01c1b7aff47e148f1b193fa8575cd"
            },
            "dist": {
                "type": "zip",
                "url": "https://api.github.com/repos/davefx/PHPlot/zipball/ca0186fbfef01c1b7aff47e148f1b193fa8575cd",
                "reference": "ca0186fbfef01c1b7aff47e148f1b193fa8575cd",
                "shasum": ""
            },
            "require": {
                "php": ">5.3.0"
            },
            "type": "library",
            "autoload": {
                "classmap": [
                    "phplot/"
                ]
            },
            "notification-url": "https://packagist.org/downloads/",
            "license": [
                "LGPL"
            ],
            "description": "PHPlot - Create charts in PHP",
            "homepage": "http://phplot.sourceforge.net",
            "keywords": [
                "chart",
                "phplot"
            ],
            "time": "2013-05-14 08:50:52"
        },
        {
            "name": "facebook/php-sdk",
            "version": "dev-master",
            "source": {
                "type": "git",
                "url": "https://github.com/facebookarchive/facebook-php-sdk.git",
                "reference": "8e7e7951e99d86b68ce1135537d559663d759af0"
            },
            "dist": {
                "type": "zip",
                "url": "https://api.github.com/repos/facebookarchive/facebook-php-sdk/zipball/8e7e7951e99d86b68ce1135537d559663d759af0",
                "reference": "8e7e7951e99d86b68ce1135537d559663d759af0",
                "shasum": ""
            },
            "require": {
                "ext-curl": "*",
                "ext-json": "*",
                "php": ">=5.2.0"
            },
            "require-dev": {
                "phpunit/phpunit": "3.7.*"
            },
            "type": "library",
            "autoload": {
                "classmap": [
                    "src"
                ]
            },
            "notification-url": "https://packagist.org/downloads/",
            "license": [
                "Apache2"
            ],
            "authors": [
                {
                    "name": "Facebook",
                    "homepage": "https://github.com/facebook/facebook-php-sdk/contributors"
                }
            ],
            "description": "Facebook PHP SDK",
            "homepage": "https://github.com/facebook/facebook-php-sdk",
            "keywords": [
                "facebook",
                "sdk"
            ],
            "abandoned": "facebook/php-sdk-v4",
            "time": "2015-01-13 19:27:37"
        },
        {
            "name": "mandrill/mandrill",
            "version": "1.0.54",
            "source": {
                "type": "git",
                "url": "https://bitbucket.org/mailchimp/mandrill-api-php.git",
                "reference": "9f336b08ea148c80db3b694f3dc737cd4f414e19"
            },
            "dist": {
                "type": "zip",
                "url": "https://bitbucket.org/mailchimp/mandrill-api-php/get/9f336b08ea148c80db3b694f3dc737cd4f414e19.zip",
                "reference": "9f336b08ea148c80db3b694f3dc737cd4f414e19",
                "shasum": ""
            },
            "require": {
                "php": ">=5.2.0"
            },
            "type": "library",
            "autoload": {
                "psr-0": {
                    "Mandrill": "src/"
                }
            },
            "notification-url": "https://packagist.org/downloads/",
            "license": [
                "Apache-2.0"
            ],
            "authors": [
                {
                    "name": "Mandrill Devs",
                    "email": "community@mandrill.com",
                    "homepage": "http://mandrill.com",
                    "role": "Developer"
                }
            ],
            "description": "API client library for the Mandrill email as a service platform",
            "homepage": "https://bitbucket.org/mailchimp/mandrill-api-php",
            "keywords": [
                "api",
                "email"
            ],
            "time": "2014-10-16 21:08:20"
        }
    ],
    "packages-dev": [],
    "aliases": [],
    "minimum-stability": "stable",
    "stability-flags": {
        "facebook/php-sdk": 20,
        "abraham/twitteroauth": 20,
        "davefx/phplot": 20
    },
    "prefer-stable": false,
    "prefer-lowest": false,
    "platform": [],
    "platform-dev": []
}
